<Solution>
  <Folder Name="/Class Libary/">
    <Project Path="Models/Transaction.Models.csproj" Id="f64e2bd7-0faf-49f5-a796-2add31c958ce" />
    <Project Path="Sql Connection/Transaction.SQLConnection.csproj" Id="94366ccb-f533-4268-a53e-f928645dc133" />
  </Folder>
  <Folder Name="/Deploy/">
    <File Path="iisConfig.ps1" />
  </Folder>
  <Project Path="Qualification/Qualification.csproj" />
  <Project Path="Transaction Sql Crud Operation/Transaction Sql Crud Operation.csproj" />
</Solution>
